
Microsoft Visual Studio Solution File, Format Version 12.00
# Visual Studio Version 17
VisualStudioVersion = 17.9.34622.214
MinimumVisualStudioVersion = 10.0.40219.1
Project("{778DAE3C-4631-46EA-AA77-85C1314464D9}") = "CSC 215 PROJECT WORK", "CSC 215 PROJECT WORK.vbproj", "{C6A83660-2B8F-4205-B895-93531740B13D}"
EndProject
Global
	GlobalSection(SolutionConfigurationPlatforms) = preSolution
		Debug|Any CPU = Debug|Any CPU
		Release|Any CPU = Release|Any CPU
	EndGlobalSection
	GlobalSection(ProjectConfigurationPlatforms) = postSolution
		{C6A83660-2B8F-4205-B895-93531740B13D}.Debug|Any CPU.ActiveCfg = Debug|Any CPU
		{C6A83660-2B8F-4205-B895-93531740B13D}.Debug|Any CPU.Build.0 = Debug|Any CPU
		{C6A83660-2B8F-4205-B895-93531740B13D}.Release|Any CPU.ActiveCfg = Release|Any CPU
		{C6A83660-2B8F-4205-B895-93531740B13D}.Release|Any CPU.Build.0 = Release|Any CPU
	EndGlobalSection
	GlobalSection(SolutionProperties) = preSolution
		HideSolutionNode = FALSE
	EndGlobalSection
	GlobalSection(ExtensibilityGlobals) = postSolution
		SolutionGuid = {8F25C822-1B14-4BA5-BDDD-9FC23126ACDD}
	EndGlobalSection
EndGlobal
